
Microsoft Visual Studio Solution File, Format Version 12.00
# Visual Studio Version 16
VisualStudioVersion = 16.0.33328.57
MinimumVisualStudioVersion = 10.0.40219.1
Project("{FAE04EC0-301F-11D3-BF4B-00C04F79EFBC}") = "SitecoreBlog", "SitecoreBlog\SitecoreBlog.csproj", "{9359F16D-7A05-4B98-B1C0-009FA15AD710}"
EndProject
Global
	GlobalSection(SolutionConfigurationPlatforms) = preSolution
		Debug|Any CPU = Debug|Any CPU
		Release|Any CPU = Release|Any CPU
	EndGlobalSection
	GlobalSection(ProjectConfigurationPlatforms) = postSolution
		{9359F16D-7A05-4B98-B1C0-009FA15AD710}.Debug|Any CPU.ActiveCfg = Debug|Any CPU
		{9359F16D-7A05-4B98-B1C0-009FA15AD710}.Debug|Any CPU.Build.0 = Debug|Any CPU
		{9359F16D-7A05-4B98-B1C0-009FA15AD710}.Release|Any CPU.ActiveCfg = Release|Any CPU
		{9359F16D-7A05-4B98-B1C0-009FA15AD710}.Release|Any CPU.Build.0 = Release|Any CPU
	EndGlobalSection
	GlobalSection(SolutionProperties) = preSolution
		HideSolutionNode = FALSE
	EndGlobalSection
	GlobalSection(ExtensibilityGlobals) = postSolution
		SolutionGuid = {4846B873-7EEB-4150-A5A2-4E74C9D17937}
	EndGlobalSection
EndGlobal
